
Microsoft Visual Studio Solution File, Format Version 12.00
# Visual Studio Version 17
VisualStudioVersion = 17.14.36603.0 d17.14
MinimumVisualStudioVersion = 10.0.40219.1
Project("{FAE04EC0-301F-11D3-BF4B-00C04F79EFBC}") = "ApiMapaCRUEH", "ApiMapaCRUEH\ApiMapaCRUEH.csproj", "{D8DA7277-9458-42D7-897D-90FA054B0220}"
EndProject
Global
	GlobalSection(SolutionConfigurationPlatforms) = preSolution
		Debug|Any CPU = Debug|Any CPU
		Release|Any CPU = Release|Any CPU
	EndGlobalSection
	GlobalSection(ProjectConfigurationPlatforms) = postSolution
		{D8DA7277-9458-42D7-897D-90FA054B0220}.Debug|Any CPU.ActiveCfg = Debug|Any CPU
		{D8DA7277-9458-42D7-897D-90FA054B0220}.Debug|Any CPU.Build.0 = Debug|Any CPU
		{D8DA7277-9458-42D7-897D-90FA054B0220}.Release|Any CPU.ActiveCfg = Release|Any CPU
		{D8DA7277-9458-42D7-897D-90FA054B0220}.Release|Any CPU.Build.0 = Release|Any CPU
	EndGlobalSection
	GlobalSection(SolutionProperties) = preSolution
		HideSolutionNode = FALSE
	EndGlobalSection
	GlobalSection(ExtensibilityGlobals) = postSolution
		SolutionGuid = {B6F041E1-5509-458D-9D99-40CB2758B985}
	EndGlobalSection
EndGlobal
